
Microsoft Visual Studio Solution File, Format Version 12.00
# Visual Studio 2013
VisualStudioVersion = 12.0.40629.0
MinimumVisualStudioVersion = 10.0.40219.1
Project("{FAE04EC0-301F-11D3-BF4B-00C04F79EFBC}") = "eCardProtocol", "eCardProtocol\eCardProtocol.csproj", "{076E09F1-6F09-4B94-AC1C-801C1CA8A69D}"
EndProject
Project("{FAE04EC0-301F-11D3-BF4B-00C04F79EFBC}") = "eCardInfo", "eCardInfo\eCardInfo.csproj", "{43938180-2B4B-43A8-9797-A13D4657C313}"
EndProject
Project("{FAE04EC0-301F-11D3-BF4B-00C04F79EFBC}") = "AlgorithmHelper", "AlgorithmHelper\AlgorithmHelper.csproj", "{B1BA4E40-D24E-4552-8AA9-5493D66618D3}"
EndProject
Project("{FAE04EC0-301F-11D3-BF4B-00C04F79EFBC}") = "SerialportHelper", "SerialportHelper\SerialportHelper.csproj", "{7F13650A-DB56-4001-A869-7930CABFF984}"
EndProject
Project("{FAE04EC0-301F-11D3-BF4B-00C04F79EFBC}") = "ICCardHelper", "ICCardHelper\ICCardHelper.csproj", "{7FB26733-124E-460C-A8ED-4B05C7BEF33F}"
EndProject
Project("{FAE04EC0-301F-11D3-BF4B-00C04F79EFBC}") = "JsonHelper", "JsonHelper\JsonHelper.csproj", "{8304ADD3-7FE9-466A-82CA-C68EDF0B61F0}"
EndProject
Global
	GlobalSection(SolutionConfigurationPlatforms) = preSolution
		Debug|Any CPU = Debug|Any CPU
		Release|Any CPU = Release|Any CPU
	EndGlobalSection
	GlobalSection(ProjectConfigurationPlatforms) = postSolution
		{076E09F1-6F09-4B94-AC1C-801C1CA8A69D}.Debug|Any CPU.ActiveCfg = Debug|Any CPU
		{076E09F1-6F09-4B94-AC1C-801C1CA8A69D}.Debug|Any CPU.Build.0 = Debug|Any CPU
		{076E09F1-6F09-4B94-AC1C-801C1CA8A69D}.Release|Any CPU.ActiveCfg = Release|Any CPU
		{076E09F1-6F09-4B94-AC1C-801C1CA8A69D}.Release|Any CPU.Build.0 = Release|Any CPU
		{43938180-2B4B-43A8-9797-A13D4657C313}.Debug|Any CPU.ActiveCfg = Debug|Any CPU
		{43938180-2B4B-43A8-9797-A13D4657C313}.Debug|Any CPU.Build.0 = Debug|Any CPU
		{43938180-2B4B-43A8-9797-A13D4657C313}.Release|Any CPU.ActiveCfg = Release|Any CPU
		{43938180-2B4B-43A8-9797-A13D4657C313}.Release|Any CPU.Build.0 = Release|Any CPU
		{B1BA4E40-D24E-4552-8AA9-5493D66618D3}.Debug|Any CPU.ActiveCfg = Debug|Any CPU
		{B1BA4E40-D24E-4552-8AA9-5493D66618D3}.Debug|Any CPU.Build.0 = Debug|Any CPU
		{B1BA4E40-D24E-4552-8AA9-5493D66618D3}.Release|Any CPU.ActiveCfg = Release|Any CPU
		{B1BA4E40-D24E-4552-8AA9-5493D66618D3}.Release|Any CPU.Build.0 = Release|Any CPU
		{7F13650A-DB56-4001-A869-7930CABFF984}.Debug|Any CPU.ActiveCfg = Debug|Any CPU
		{7F13650A-DB56-4001-A869-7930CABFF984}.Debug|Any CPU.Build.0 = Debug|Any CPU
		{7F13650A-DB56-4001-A869-7930CABFF984}.Release|Any CPU.ActiveCfg = Release|Any CPU
		{7F13650A-DB56-4001-A869-7930CABFF984}.Release|Any CPU.Build.0 = Release|Any CPU
		{7FB26733-124E-460C-A8ED-4B05C7BEF33F}.Debug|Any CPU.ActiveCfg = Debug|Any CPU
		{7FB26733-124E-460C-A8ED-4B05C7BEF33F}.Debug|Any CPU.Build.0 = Debug|Any CPU
		{7FB26733-124E-460C-A8ED-4B05C7BEF33F}.Release|Any CPU.ActiveCfg = Release|Any CPU
		{7FB26733-124E-460C-A8ED-4B05C7BEF33F}.Release|Any CPU.Build.0 = Release|Any CPU
		{8304ADD3-7FE9-466A-82CA-C68EDF0B61F0}.Debug|Any CPU.ActiveCfg = Debug|Any CPU
		{8304ADD3-7FE9-466A-82CA-C68EDF0B61F0}.Debug|Any CPU.Build.0 = Debug|Any CPU
		{8304ADD3-7FE9-466A-82CA-C68EDF0B61F0}.Release|Any CPU.ActiveCfg = Release|Any CPU
		{8304ADD3-7FE9-466A-82CA-C68EDF0B61F0}.Release|Any CPU.Build.0 = Release|Any CPU
	EndGlobalSection
	GlobalSection(SolutionProperties) = preSolution
		HideSolutionNode = FALSE
	EndGlobalSection
EndGlobal
